
Microsoft Visual Studio Solution File, Format Version 12.00
# Visual Studio Version 16
VisualStudioVersion = 16.0.31829.152
MinimumVisualStudioVersion = 10.0.40219.1
Project("{FAE04EC0-301F-11D3-BF4B-00C04F79EFBC}") = "TextClassification", "TextClassification.csproj", "{4E9B36A0-7130-430F-B907-25EB584F3DB7}"
EndProject
Project("{FAE04EC0-301F-11D3-BF4B-00C04F79EFBC}") = "Test", "..\Test\Test.csproj", "{7BF4AFC1-9B39-4CAF-AA62-5B4716CB19DA}"
	ProjectSection(ProjectDependencies) = postProject
		{4E9B36A0-7130-430F-B907-25EB584F3DB7} = {4E9B36A0-7130-430F-B907-25EB584F3DB7}
	EndProjectSection
EndProject
Global
	GlobalSection(SolutionConfigurationPlatforms) = preSolution
		Debug|Any CPU = Debug|Any CPU
		Release|Any CPU = Release|Any CPU
	EndGlobalSection
	GlobalSection(ProjectConfigurationPlatforms) = postSolution
		{4E9B36A0-7130-430F-B907-25EB584F3DB7}.Debug|Any CPU.ActiveCfg = Debug|Any CPU
		{4E9B36A0-7130-430F-B907-25EB584F3DB7}.Debug|Any CPU.Build.0 = Debug|Any CPU
		{4E9B36A0-7130-430F-B907-25EB584F3DB7}.Release|Any CPU.ActiveCfg = Release|Any CPU
		{4E9B36A0-7130-430F-B907-25EB584F3DB7}.Release|Any CPU.Build.0 = Release|Any CPU
		{7BF4AFC1-9B39-4CAF-AA62-5B4716CB19DA}.Debug|Any CPU.ActiveCfg = Debug|Any CPU
		{7BF4AFC1-9B39-4CAF-AA62-5B4716CB19DA}.Debug|Any CPU.Build.0 = Debug|Any CPU
		{7BF4AFC1-9B39-4CAF-AA62-5B4716CB19DA}.Release|Any CPU.ActiveCfg = Release|Any CPU
		{7BF4AFC1-9B39-4CAF-AA62-5B4716CB19DA}.Release|Any CPU.Build.0 = Release|Any CPU
	EndGlobalSection
	GlobalSection(SolutionProperties) = preSolution
		HideSolutionNode = FALSE
	EndGlobalSection
	GlobalSection(ExtensibilityGlobals) = postSolution
		SolutionGuid = {5ECC8F9A-D027-4BDF-80B4-AAB11A515C31}
	EndGlobalSection
EndGlobal
